
Microsoft Visual Studio Solution File, Format Version 12.00
# Visual Studio Version 16
VisualStudioVersion = 16.0.31702.278
MinimumVisualStudioVersion = 10.0.40219.1
Project("{8BC9CEB8-8B4A-11D0-8D11-00A0C91BC942}") = "HelloWorld", "..\Projects\Lesson 1\HelloWorld\HelloWorld.vcxproj", "{1B8F9A64-3D3B-4569-B62D-4E0F9E39994A}"
EndProject
Project("{8BC9CEB8-8B4A-11D0-8D11-00A0C91BC942}") = "TrianglePerimeter", "..\Projects\Lesson 1\TrianglePerimeter\TrianglePerimeter.vcxproj", "{48CC76F9-3149-4D11-B14C-E4A5806A461A}"
EndProject
Project("{8BC9CEB8-8B4A-11D0-8D11-00A0C91BC942}") = "Operators", "..\Projects\Lesson 2\Operators\Operators.vcxproj", "{9BE3ED36-176C-4F64-90D1-FE9164F26C5F}"
EndProject
Project("{8BC9CEB8-8B4A-11D0-8D11-00A0C91BC942}") = "ConditionalFlows", "..\Projects\Lesson 2\ConditionalFlows\ConditionalFlows.vcxproj", "{8136F75F-DFFC-4A99-B5F5-08DACA5A66F8}"
EndProject
Project("{8BC9CEB8-8B4A-11D0-8D11-00A0C91BC942}") = "IfAndSwitch", "..\Projects\Lesson 3\IfAndSwitch\IfAndSwitch.vcxproj", "{A9EC0351-66AD-40DB-963D-6F64B709B261}"
EndProject
Project("{8BC9CEB8-8B4A-11D0-8D11-00A0C91BC942}") = "Loops1", "..\Projects\Lesson 3\Loops1\Loops1.vcxproj", "{CD225835-18E2-4910-A6A0-66B2055956E3}"
EndProject
Project("{8BC9CEB8-8B4A-11D0-8D11-00A0C91BC942}") = "DrawEmptyRectangle", "..\Projects\Lesson 4\DrawEmptyRectangle\DrawEmptyRectangle.vcxproj", "{287793CF-1BD2-4BB4-A52F-DD7D1A074E7B}"
EndProject
Project("{8BC9CEB8-8B4A-11D0-8D11-00A0C91BC942}") = "Loops2", "..\Projects\Lesson 4\Loops2\Loops2.vcxproj", "{9C488B2C-2901-4C28-9FCD-43E062C04ADC}"
EndProject
Project("{8BC9CEB8-8B4A-11D0-8D11-00A0C91BC942}") = "Homework-3-3-2", "Homework-3-3-2\Homework-3-3-2.vcxproj", "{006C15A4-081E-400E-A3B9-39FB5DEBCF93}"
EndProject
Project("{8BC9CEB8-8B4A-11D0-8D11-00A0C91BC942}") = "Functions1", "..\Projects\Lesson 6\Functions1\Functions1.vcxproj", "{258D75C8-F47B-4F34-BA58-544D04819878}"
EndProject
Project("{8BC9CEB8-8B4A-11D0-8D11-00A0C91BC942}") = "HomeworkReview", "..\Projects\Lesson 7\HomeworkReview\HomeworkReview.vcxproj", "{6ECEF771-4B00-4B71-BFAA-01AE477E24A5}"
EndProject
Project("{8BC9CEB8-8B4A-11D0-8D11-00A0C91BC942}") = "Functions2", "..\Projects\Lesson 7\Functions2\Functions2.vcxproj", "{F823372A-4DDE-4F2A-B53E-15217841FD9A}"
EndProject
Global
	GlobalSection(SolutionConfigurationPlatforms) = preSolution
		Debug|x64 = Debug|x64
		Debug|x86 = Debug|x86
		Release|x64 = Release|x64
		Release|x86 = Release|x86
	EndGlobalSection
	GlobalSection(ProjectConfigurationPlatforms) = postSolution
		{1B8F9A64-3D3B-4569-B62D-4E0F9E39994A}.Debug|x64.ActiveCfg = Debug|x64
		{1B8F9A64-3D3B-4569-B62D-4E0F9E39994A}.Debug|x64.Build.0 = Debug|x64
		{1B8F9A64-3D3B-4569-B62D-4E0F9E39994A}.Debug|x86.ActiveCfg = Debug|Win32
		{1B8F9A64-3D3B-4569-B62D-4E0F9E39994A}.Debug|x86.Build.0 = Debug|Win32
		{1B8F9A64-3D3B-4569-B62D-4E0F9E39994A}.Release|x64.ActiveCfg = Release|x64
		{1B8F9A64-3D3B-4569-B62D-4E0F9E39994A}.Release|x64.Build.0 = Release|x64
		{1B8F9A64-3D3B-4569-B62D-4E0F9E39994A}.Release|x86.ActiveCfg = Release|Win32
		{1B8F9A64-3D3B-4569-B62D-4E0F9E39994A}.Release|x86.Build.0 = Release|Win32
		{48CC76F9-3149-4D11-B14C-E4A5806A461A}.Debug|x64.ActiveCfg = Debug|x64
		{48CC76F9-3149-4D11-B14C-E4A5806A461A}.Debug|x64.Build.0 = Debug|x64
		{48CC76F9-3149-4D11-B14C-E4A5806A461A}.Debug|x86.ActiveCfg = Debug|Win32
		{48CC76F9-3149-4D11-B14C-E4A5806A461A}.Debug|x86.Build.0 = Debug|Win32
		{48CC76F9-3149-4D11-B14C-E4A5806A461A}.Release|x64.ActiveCfg = Release|x64
		{48CC76F9-3149-4D11-B14C-E4A5806A461A}.Release|x64.Build.0 = Release|x64
		{48CC76F9-3149-4D11-B14C-E4A5806A461A}.Release|x86.ActiveCfg = Release|Win32
		{48CC76F9-3149-4D11-B14C-E4A5806A461A}.Release|x86.Build.0 = Release|Win32
		{9BE3ED36-176C-4F64-90D1-FE9164F26C5F}.Debug|x64.ActiveCfg = Debug|x64
		{9BE3ED36-176C-4F64-90D1-FE9164F26C5F}.Debug|x64.Build.0 = Debug|x64
		{9BE3ED36-176C-4F64-90D1-FE9164F26C5F}.Debug|x86.ActiveCfg = Debug|Win32
		{9BE3ED36-176C-4F64-90D1-FE9164F26C5F}.Debug|x86.Build.0 = Debug|Win32
		{9BE3ED36-176C-4F64-90D1-FE9164F26C5F}.Release|x64.ActiveCfg = Release|x64
		{9BE3ED36-176C-4F64-90D1-FE9164F26C5F}.Release|x64.Build.0 = Release|x64
		{9BE3ED36-176C-4F64-90D1-FE9164F26C5F}.Release|x86.ActiveCfg = Release|Win32
		{9BE3ED36-176C-4F64-90D1-FE9164F26C5F}.Release|x86.Build.0 = Release|Win32
		{8136F75F-DFFC-4A99-B5F5-08DACA5A66F8}.Debug|x64.ActiveCfg = Debug|x64
		{8136F75F-DFFC-4A99-B5F5-08DACA5A66F8}.Debug|x64.Build.0 = Debug|x64
		{8136F75F-DFFC-4A99-B5F5-08DACA5A66F8}.Debug|x86.ActiveCfg = Debug|Win32
		{8136F75F-DFFC-4A99-B5F5-08DACA5A66F8}.Debug|x86.Build.0 = Debug|Win32
		{8136F75F-DFFC-4A99-B5F5-08DACA5A66F8}.Release|x64.ActiveCfg = Release|x64
		{8136F75F-DFFC-4A99-B5F5-08DACA5A66F8}.Release|x64.Build.0 = Release|x64
		{8136F75F-DFFC-4A99-B5F5-08DACA5A66F8}.Release|x86.ActiveCfg = Release|Win32
		{8136F75F-DFFC-4A99-B5F5-08DACA5A66F8}.Release|x86.Build.0 = Release|Win32
		{A9EC0351-66AD-40DB-963D-6F64B709B261}.Debug|x64.ActiveCfg = Debug|x64
		{A9EC0351-66AD-40DB-963D-6F64B709B261}.Debug|x64.Build.0 = Debug|x64
		{A9EC0351-66AD-40DB-963D-6F64B709B261}.Debug|x86.ActiveCfg = Debug|Win32
		{A9EC0351-66AD-40DB-963D-6F64B709B261}.Debug|x86.Build.0 = Debug|Win32
		{A9EC0351-66AD-40DB-963D-6F64B709B261}.Release|x64.ActiveCfg = Release|x64
		{A9EC0351-66AD-40DB-963D-6F64B709B261}.Release|x64.Build.0 = Release|x64
		{A9EC0351-66AD-40DB-963D-6F64B709B261}.Release|x86.ActiveCfg = Release|Win32
		{A9EC0351-66AD-40DB-963D-6F64B709B261}.Release|x86.Build.0 = Release|Win32
		{CD225835-18E2-4910-A6A0-66B2055956E3}.Debug|x64.ActiveCfg = Debug|x64
		{CD225835-18E2-4910-A6A0-66B2055956E3}.Debug|x64.Build.0 = Debug|x64
		{CD225835-18E2-4910-A6A0-66B2055956E3}.Debug|x86.ActiveCfg = Debug|Win32
		{CD225835-18E2-4910-A6A0-66B2055956E3}.Debug|x86.Build.0 = Debug|Win32
		{CD225835-18E2-4910-A6A0-66B2055956E3}.Release|x64.ActiveCfg = Release|x64
		{CD225835-18E2-4910-A6A0-66B2055956E3}.Release|x64.Build.0 = Release|x64
		{CD225835-18E2-4910-A6A0-66B2055956E3}.Release|x86.ActiveCfg = Release|Win32
		{CD225835-18E2-4910-A6A0-66B2055956E3}.Release|x86.Build.0 = Release|Win32
		{287793CF-1BD2-4BB4-A52F-DD7D1A074E7B}.Debug|x64.ActiveCfg = Debug|x64
		{287793CF-1BD2-4BB4-A52F-DD7D1A074E7B}.Debug|x64.Build.0 = Debug|x64
		{287793CF-1BD2-4BB4-A52F-DD7D1A074E7B}.Debug|x86.ActiveCfg = Debug|Win32
		{287793CF-1BD2-4BB4-A52F-DD7D1A074E7B}.Debug|x86.Build.0 = Debug|Win32
		{287793CF-1BD2-4BB4-A52F-DD7D1A074E7B}.Release|x64.ActiveCfg = Release|x64
		{287793CF-1BD2-4BB4-A52F-DD7D1A074E7B}.Release|x64.Build.0 = Release|x64
		{287793CF-1BD2-4BB4-A52F-DD7D1A074E7B}.Release|x86.ActiveCfg = Release|Win32
		{287793CF-1BD2-4BB4-A52F-DD7D1A074E7B}.Release|x86.Build.0 = Release|Win32
		{9C488B2C-2901-4C28-9FCD-43E062C04ADC}.Debug|x64.ActiveCfg = Debug|x64
		{9C488B2C-2901-4C28-9FCD-43E062C04ADC}.Debug|x64.Build.0 = Debug|x64
		{9C488B2C-2901-4C28-9FCD-43E062C04ADC}.Debug|x86.ActiveCfg = Debug|Win32
		{9C488B2C-2901-4C28-9FCD-43E062C04ADC}.Debug|x86.Build.0 = Debug|Win32
		{9C488B2C-2901-4C28-9FCD-43E062C04ADC}.Release|x64.ActiveCfg = Release|x64
		{9C488B2C-2901-4C28-9FCD-43E062C04ADC}.Release|x64.Build.0 = Release|x64
		{9C488B2C-2901-4C28-9FCD-43E062C04ADC}.Release|x86.ActiveCfg = Release|Win32
		{9C488B2C-2901-4C28-9FCD-43E062C04ADC}.Release|x86.Build.0 = Release|Win32
		{006C15A4-081E-400E-A3B9-39FB5DEBCF93}.Debug|x64.ActiveCfg = Debug|x64
		{006C15A4-081E-400E-A3B9-39FB5DEBCF93}.Debug|x64.Build.0 = Debug|x64
		{006C15A4-081E-400E-A3B9-39FB5DEBCF93}.Debug|x86.ActiveCfg = Debug|Win32
		{006C15A4-081E-400E-A3B9-39FB5DEBCF93}.Debug|x86.Build.0 = Debug|Win32
		{006C15A4-081E-400E-A3B9-39FB5DEBCF93}.Release|x64.ActiveCfg = Release|x64
		{006C15A4-081E-400E-A3B9-39FB5DEBCF93}.Release|x64.Build.0 = Release|x64
		{006C15A4-081E-400E-A3B9-39FB5DEBCF93}.Release|x86.ActiveCfg = Release|Win32
		{006C15A4-081E-400E-A3B9-39FB5DEBCF93}.Release|x86.Build.0 = Release|Win32
		{258D75C8-F47B-4F34-BA58-544D04819878}.Debug|x64.ActiveCfg = Debug|x64
		{258D75C8-F47B-4F34-BA58-544D04819878}.Debug|x64.Build.0 = Debug|x64
		{258D75C8-F47B-4F34-BA58-544D04819878}.Debug|x86.ActiveCfg = Debug|Win32
		{258D75C8-F47B-4F34-BA58-544D04819878}.Debug|x86.Build.0 = Debug|Win32
		{258D75C8-F47B-4F34-BA58-544D04819878}.Release|x64.ActiveCfg = Release|x64
		{258D75C8-F47B-4F34-BA58-544D04819878}.Release|x64.Build.0 = Release|x64
		{258D75C8-F47B-4F34-BA58-544D04819878}.Release|x86.ActiveCfg = Release|Win32
		{258D75C8-F47B-4F34-BA58-544D04819878}.Release|x86.Build.0 = Release|Win32
		{6ECEF771-4B00-4B71-BFAA-01AE477E24A5}.Debug|x64.ActiveCfg = Debug|x64
		{6ECEF771-4B00-4B71-BFAA-01AE477E24A5}.Debug|x64.Build.0 = Debug|x64
		{6ECEF771-4B00-4B71-BFAA-01AE477E24A5}.Debug|x86.ActiveCfg = Debug|Win32
		{6ECEF771-4B00-4B71-BFAA-01AE477E24A5}.Debug|x86.Build.0 = Debug|Win32
		{6ECEF771-4B00-4B71-BFAA-01AE477E24A5}.Release|x64.ActiveCfg = Release|x64
		{6ECEF771-4B00-4B71-BFAA-01AE477E24A5}.Release|x64.Build.0 = Release|x64
		{6ECEF771-4B00-4B71-BFAA-01AE477E24A5}.Release|x86.ActiveCfg = Release|Win32
		{6ECEF771-4B00-4B71-BFAA-01AE477E24A5}.Release|x86.Build.0 = Release|Win32
		{F823372A-4DDE-4F2A-B53E-15217841FD9A}.Debug|x64.ActiveCfg = Debug|x64
		{F823372A-4DDE-4F2A-B53E-15217841FD9A}.Debug|x64.Build.0 = Debug|x64
		{F823372A-4DDE-4F2A-B53E-15217841FD9A}.Debug|x86.ActiveCfg = Debug|Win32
		{F823372A-4DDE-4F2A-B53E-15217841FD9A}.Debug|x86.Build.0 = Debug|Win32
		{F823372A-4DDE-4F2A-B53E-15217841FD9A}.Release|x64.ActiveCfg = Release|x64
		{F823372A-4DDE-4F2A-B53E-15217841FD9A}.Release|x64.Build.0 = Release|x64
		{F823372A-4DDE-4F2A-B53E-15217841FD9A}.Release|x86.ActiveCfg = Release|Win32
		{F823372A-4DDE-4F2A-B53E-15217841FD9A}.Release|x86.Build.0 = Release|Win32
	EndGlobalSection
	GlobalSection(SolutionProperties) = preSolution
		HideSolutionNode = FALSE
	EndGlobalSection
	GlobalSection(ExtensibilityGlobals) = postSolution
		SolutionGuid = {5798E6AC-743B-4BA9-A96A-CA4AE43D92E6}
	EndGlobalSection
EndGlobal
